{
  "name": "@my-template-cli/package",
  "version": "1.0.0",
  "lockfileVersion": 2,
  "requires": true,
  "packages": {
    "": {
      "name": "@my-template-cli/package",
      "version": "1.0.0",
      "license": "ISC",
      "dependencies": {
        "@my-template-cli/utils": "file: ../../utils/utils"
      }
    },
    "node_modules/@my-template-cli/utils": {
      "resolved": "utils/utils",
      "link": true
    },
    "utils/utils": {}
  },
  "dependencies": {
    "@my-template-cli/utils": {
      "version": "file:utils/utils"
    }
  }
}
