{
	"name": "@my-template-cli/utils",
	"version": "1.0.2",
	"lockfileVersion": 2,
	"requires": true,
	"packages": {
		"": {
			"name": "@my-template-cli/utils",
			"version": "1.0.2",
			"license": "ISC",
			"dependencies": {
				"@my-template-cli/utils": "file:../../utils"
			}
		},
		"..": {},
		"node_modules/@my-template-cli/utils": {
			"resolved": "..",
			"link": true
		}
	},
	"dependencies": {
		"@my-template-cli/utils": {
			"version": "file:.."
		}
	}
}
