{
  "name": "@my-template-cli/init",
  "version": "1.0.0",
  "lockfileVersion": 2,
  "requires": true,
  "packages": {
    "": {
      "name": "@my-template-cli/init",
      "version": "1.0.0",
      "license": "ISC",
      "dependencies": {
        "@my-template-cli/command": "file: ../../models/command"
      }
    },
    "models/command": {},
    "node_modules/@my-template-cli/command": {
      "resolved": "models/command",
      "link": true
    }
  },
  "dependencies": {
    "@my-template-cli/command": {
      "version": "file:models/command"
    }
  }
}
