{
  "name": "@my-template-cli/exec",
  "version": "1.0.0",
  "lockfileVersion": 2,
  "requires": true,
  "packages": {
    "": {
      "name": "@my-template-cli/exec",
      "version": "1.0.0",
      "license": "ISC",
      "dependencies": {
        "@my-template-cli/log": "file: ../../utils/log",
        "@my-template-cli/package": "file: ../../models/package"
      }
    },
    "models/package": {},
    "node_modules/@my-template-cli/log": {
      "resolved": "utils/log",
      "link": true
    },
    "node_modules/@my-template-cli/package": {
      "resolved": "models/package",
      "link": true
    },
    "utils/log": {}
  },
  "dependencies": {
    "@my-template-cli/log": {
      "version": "file:utils/log"
    },
    "@my-template-cli/package": {
      "version": "file:models/package"
    }
  }
}
